
Microsoft Visual Studio Solution File, Format Version 12.00
# Visual Studio Version 16
VisualStudioVersion = 16.0.32126.315
MinimumVisualStudioVersion = 10.0.40219.1
Project("{8BC9CEB8-8B4A-11D0-8D11-00A0C91BC942}") = "07-03-2022 libraries-and-pointer", "07-03-2022\07-03-2022.vcxproj", "{39592A09-1839-47C3-B9CB-B11C5BA871C5}"
	ProjectSection(ProjectDependencies) = postProject
		{EAD5562F-A588-4A9C-BF1A-D3B52FE742E6} = {EAD5562F-A588-4A9C-BF1A-D3B52FE742E6}
	EndProjectSection
EndProject
Project("{8BC9CEB8-8B4A-11D0-8D11-00A0C91BC942}") = "MathUtilsLibrary", "MathUtilsLibrary\MathUtilsLibrary.vcxproj", "{EAD5562F-A588-4A9C-BF1A-D3B52FE742E6}"
EndProject
Global
	GlobalSection(SolutionConfigurationPlatforms) = preSolution
		Debug|x64 = Debug|x64
		Debug|x86 = Debug|x86
		Release|x64 = Release|x64
		Release|x86 = Release|x86
	EndGlobalSection
	GlobalSection(ProjectConfigurationPlatforms) = postSolution
		{39592A09-1839-47C3-B9CB-B11C5BA871C5}.Debug|x64.ActiveCfg = Debug|x64
		{39592A09-1839-47C3-B9CB-B11C5BA871C5}.Debug|x64.Build.0 = Debug|x64
		{39592A09-1839-47C3-B9CB-B11C5BA871C5}.Debug|x86.ActiveCfg = Debug|Win32
		{39592A09-1839-47C3-B9CB-B11C5BA871C5}.Debug|x86.Build.0 = Debug|Win32
		{39592A09-1839-47C3-B9CB-B11C5BA871C5}.Release|x64.ActiveCfg = Release|x64
		{39592A09-1839-47C3-B9CB-B11C5BA871C5}.Release|x64.Build.0 = Release|x64
		{39592A09-1839-47C3-B9CB-B11C5BA871C5}.Release|x86.ActiveCfg = Release|Win32
		{39592A09-1839-47C3-B9CB-B11C5BA871C5}.Release|x86.Build.0 = Release|Win32
		{EAD5562F-A588-4A9C-BF1A-D3B52FE742E6}.Debug|x64.ActiveCfg = Debug|x64
		{EAD5562F-A588-4A9C-BF1A-D3B52FE742E6}.Debug|x64.Build.0 = Debug|x64
		{EAD5562F-A588-4A9C-BF1A-D3B52FE742E6}.Debug|x86.ActiveCfg = Debug|Win32
		{EAD5562F-A588-4A9C-BF1A-D3B52FE742E6}.Debug|x86.Build.0 = Debug|Win32
		{EAD5562F-A588-4A9C-BF1A-D3B52FE742E6}.Release|x64.ActiveCfg = Release|x64
		{EAD5562F-A588-4A9C-BF1A-D3B52FE742E6}.Release|x64.Build.0 = Release|x64
		{EAD5562F-A588-4A9C-BF1A-D3B52FE742E6}.Release|x86.ActiveCfg = Release|Win32
		{EAD5562F-A588-4A9C-BF1A-D3B52FE742E6}.Release|x86.Build.0 = Release|Win32
	EndGlobalSection
	GlobalSection(SolutionProperties) = preSolution
		HideSolutionNode = FALSE
	EndGlobalSection
	GlobalSection(ExtensibilityGlobals) = postSolution
		SolutionGuid = {926742FC-BECD-4238-89D2-8E54ADC8ADE4}
	EndGlobalSection
EndGlobal
